
Microsoft Visual Studio Solution File, Format Version 12.00
# Visual Studio Version 17
VisualStudioVersion = 17.10.35122.118
MinimumVisualStudioVersion = 10.0.40219.1
Project("{FAE04EC0-301F-11D3-BF4B-00C04F79EFBC}") = "CRUD_ASP.NET_CORE", "CRUD_ASP.NET_CORE.csproj", "{9020498F-4E8A-404D-952C-4D2047AECE74}"
EndProject
Global
	GlobalSection(SolutionConfigurationPlatforms) = preSolution
		Debug|Any CPU = Debug|Any CPU
		Release|Any CPU = Release|Any CPU
	EndGlobalSection
	GlobalSection(ProjectConfigurationPlatforms) = postSolution
		{9020498F-4E8A-404D-952C-4D2047AECE74}.Debug|Any CPU.ActiveCfg = Debug|Any CPU
		{9020498F-4E8A-404D-952C-4D2047AECE74}.Debug|Any CPU.Build.0 = Debug|Any CPU
		{9020498F-4E8A-404D-952C-4D2047AECE74}.Release|Any CPU.ActiveCfg = Release|Any CPU
		{9020498F-4E8A-404D-952C-4D2047AECE74}.Release|Any CPU.Build.0 = Release|Any CPU
	EndGlobalSection
	GlobalSection(SolutionProperties) = preSolution
		HideSolutionNode = FALSE
	EndGlobalSection
	GlobalSection(ExtensibilityGlobals) = postSolution
		SolutionGuid = {BD225D16-B650-402D-913A-C828BC7992A6}
	EndGlobalSection
EndGlobal
